// !$*UTF8*$!
{
	archiveVersion = 1;
	classes = {
	};
	objectVersion = 50;
	objects = {

/* Begin PBXBuildFile section */
		6A411639265C6C5B003EAD6E /* A.swift in Sources */ = {isa = PBXBuildFile; fileRef = 6A411638265C6C5B003EAD6E /* A.swift */; };
		EE70F375265BCE32009625FD /* AppDelegate.swift in Sources */ = {isa = PBXBuildFile; fileRef = EE70F374265BCE32009625FD /* AppDelegate.swift */; };
		EE70F377265BCE32009625FD /* SceneDelegate.swift in Sources */ = {isa = PBXBuildFile; fileRef = EE70F376265BCE32009625FD /* SceneDelegate.swift */; };
		EE70F379265BCE32009625FD /* ViewController.swift in Sources */ = {isa = PBXBuildFile; fileRef = EE70F378265BCE32009625FD /* ViewController.swift */; };
		EE70F37C265BCE32009625FD /* Main.storyboard in Resources */ = {isa = PBXBuildFile; fileRef = EE70F37A265BCE32009625FD /* Main.storyboard */; };
		EE70F37E265BCE33009625FD /* Assets.xcassets in Resources */ = {isa = PBXBuildFile; fileRef = EE70F37D265BCE33009625FD /* Assets.xcassets */; };
		EE70F381265BCE33009625FD /* LaunchScreen.storyboard in Resources */ = {isa = PBXBuildFile; fileRef = EE70F37F265BCE33009625FD /* LaunchScreen.storyboard */; };
/* End PBXBuildFile section */

/* Begin PBXFileReference section */
		6A411638265C6C5B003EAD6E /* A.swift */ = {isa = PBXFileReference; lastKnownFileType = sourcecode.swift; path = A.swift; sourceTree = "<group>"; };
		EE70F371265BCE32009625FD /* GitFlow Test.app */ = {isa = PBXFileReference; explicitFileType = wrapper.application; includeInIndex = 0; path = "GitFlow Test.app"; sourceTree = BUILT_PRODUCTS_DIR; };
		EE70F374265BCE32009625FD /* AppDelegate.swift */ = {isa = PBXFileReference; lastKnownFileType = sourcecode.swift; path = AppDelegate.swift; sourceTree = "<group>"; };
		EE70F376265BCE32009625FD /* SceneDelegate.swift */ = {isa = PBXFileReference; lastKnownFileType = sourcecode.swift; path = SceneDelegate.swift; sourceTree = "<group>"; };
		EE70F378265BCE32009625FD /* ViewController.swift */ = {isa = PBXFileReference; lastKnownFileType = sourcecode.swift; path = ViewController.swift; sourceTree = "<group>"; };
		EE70F37B265BCE32009625FD /* Base */ = {isa = PBXFileReference; lastKnownFileType = file.storyboard; name = Base; path = Base.lproj/Main.storyboard; sourceTree = "<group>"; };
		EE70F37D265BCE33009625FD /* Assets.xcassets */ = {isa = PBXFileReference; lastKnownFileType = folder.assetcatalog; path = Assets.xcassets; sourceTree = "<group>"; };
		EE70F380265BCE33009625FD /* Base */ = {isa = PBXFileReference; lastKnownFileType = file.storyboard; name = Base; path = Base.lproj/LaunchScreen.storyboard; sourceTree = "<group>"; };
		EE70F382265BCE33009625FD /* Info.plist */ = {isa = PBXFileReference; lastKnownFileType = text.plist.xml; path = Info.plist; sourceTree = "<group>"; };
/* End PBXFileReference section */

/* Begin PBXFrameworksBuildPhase section */
		EE70F36E265BCE32009625FD /* Frameworks */ = {
			isa = PBXFrameworksBuildPhase;
			buildActionMask = 2147483647;
			files = (
			);
			runOnlyForDeploymentPostprocessing = 0;
		};
/* End PBXFrameworksBuildPhase section */

/* Begin PBXGroup section */
		EE70F368265BCE32009625FD = {
			isa = PBXGroup;
			children = (
				EE70F373265BCE32009625FD /* GitFlow Test */,
				EE70F372265BCE32009625FD /* Products */,
			);
			sourceTree = "<group>";
		};
		EE70F372265BCE32009625FD /* Products */ = {
			isa = PBXGroup;
			children = (
				EE70F371265BCE32009625FD /* GitFlow Test.app */,
			);
			name = Products;
			sourceTree = "<group>";
		};
		EE70F373265BCE32009625FD /* GitFlow Test */ = {
			isa = PBXGroup;
			children = (
				EE70F374265BCE32009625FD /* AppDelegate.swift */,
				EE70F376265BCE32009625FD /* SceneDelegate.swift */,
				EE70F378265BCE32009625FD /* ViewController.swift */,
				EE70F37A265BCE32009625FD /* Main.storyboard */,
				EE70F37D265BCE33009625FD /* Assets.xcassets */,
				EE70F37F265BCE33009625FD /* LaunchScreen.storyboard */,
				EE70F382265BCE33009625FD /* Info.plist */,
				6A411638265C6C5B003EAD6E /* A.swift */,
			);
			path = "GitFlow Test";
			sourceTree = "<group>";
		};
/* End PBXGroup section */

/* Begin PBXNativeTarget section */
		EE70F370265BCE32009625FD /* GitFlow Test */ = {
			isa = PBXNativeTarget;
			buildConfigurationList = EE70F385265BCE33009625FD /* Build configuration list for PBXNativeTarget "GitFlow Test" */;
			buildPhases = (
				EE70F36D265BCE32009625FD /* Sources */,
				EE70F36E265BCE32009625FD /* Frameworks */,
				EE70F36F265BCE32009625FD /* Resources */,
			);
			buildRules = (
			);
			dependencies = (
			);
			name = "GitFlow Test";
			productName = "GitFlow Test";
			productReference = EE70F371265BCE32009625FD /* GitFlow Test.app */;
			productType = "com.apple.product-type.application";
		};
/* End PBXNativeTarget section */

/* Begin PBXProject section */
		EE70F369265BCE32009625FD /* Project object */ = {
			isa = PBXProject;
			attributes = {
				LastSwiftUpdateCheck = 1250;
				LastUpgradeCheck = 1250;
				TargetAttributes = {
					EE70F370265BCE32009625FD = {
						CreatedOnToolsVersion = 12.5;
					};
				};
			};
			buildConfigurationList = EE70F36C265BCE32009625FD /* Build configuration list for PBXProject "GitFlow Test" */;
			compatibilityVersion = "Xcode 9.3";
			developmentRegion = en;
			hasScannedForEncodings = 0;
			knownRegions = (
				en,
				Base,
			);
			mainGroup = EE70F368265BCE32009625FD;
			productRefGroup = EE70F372265BCE32009625FD /* Products */;
			projectDirPath = "";
			projectRoot = "";
			targets = (
				EE70F370265BCE32009625FD /* GitFlow Test */,
			);
		};
/* End PBXProject section */

/* Begin PBXResourcesBuildPhase section */
		EE70F36F265BCE32009625FD /* Resources */ = {
			isa = PBXResourcesBuildPhase;
			buildActionMask = 2147483647;
			files = (
				EE70F381265BCE33009625FD /* LaunchScreen.storyboard in Resources */,
				EE70F37E265BCE33009625FD /* Assets.xcassets in Resources */,
				EE70F37C265BCE32009625FD /* Main.storyboard in Resources */,
			);
			runOnlyForDeploymentPostprocessing = 0;
		};
/* End PBXResourcesBuildPhase section */

/* Begin PBXSourcesBuildPhase section */
		EE70F36D265BCE32009625FD /* Sources */ = {
			isa = PBXSourcesBuildPhase;
			buildActionMask = 2147483647;
			files = (
				EE70F379265BCE32009625FD /* ViewController.swift in Sources */,
				EE70F375265BCE32009625FD /* AppDelegate.swift in Sources */,
				EE70F377265BCE32009625FD /* SceneDelegate.swift in Sources */,
				6A411639265C6C5B003EAD6E /* A.swift in Sources */,
			);
			runOnlyForDeploymentPostprocessing = 0;
		};
/* End PBXSourcesBuildPhase section */

/* Begin PBXVariantGroup section */
		EE70F37A265BCE32009625FD /* Main.storyboard */ = {
			isa = PBXVariantGroup;
			children = (
				EE70F37B265BCE32009625FD /* Base */,
			);
			name = Main.storyboard;
			sourceTree = "<group>";
		};
		EE70F37F265BCE33009625FD /* LaunchScreen.storyboard */ = {
			isa = PBXVariantGroup;
			children = (
				EE70F380265BCE33009625FD /* Base */,
			);
			name = LaunchScreen.storyboard;
			sourceTree = "<group>";
		};
/* End PBXVariantGroup section */

/* Begin XCBuildConfiguration section */
		EE70F383265BCE33009625FD /* Debug */ = {
			isa = XCBuildConfiguration;
			buildSettings = {
				ALWAYS_SEARCH_USER_PATHS = NO;
				CLANG_ANALYZER_NONNULL = YES;
				CLANG_ANALYZER_NUMBER_OBJECT_CONVERSION = YES_AGGRESSIVE;
				CLANG_CXX_LANGUAGE_STANDARD = "gnu++14";
				CLANG_CXX_LIBRARY = "libc++";
				CLANG_ENABLE_MODULES = YES;
				CLANG_ENABLE_OBJC_ARC = YES;
				CLANG_ENABLE_OBJC_WEAK = YES;
				CLANG_WARN_BLOCK_CAPTURE_AUTORELEASING = YES;
				CLANG_WARN_BOOL_CONVERSION = YES;
				CLANG_WARN_COMMA = YES;
				CLANG_WARN_CONSTANT_CONVERSION = YES;
				CLANG_WARN_DEPRECATED_OBJC_IMPLEMENTATIONS = YES;
				CLANG_WARN_DIRECT_OBJC_ISA_USAGE = YES_ERROR;
				CLANG_WARN_DOCUMENTATION_COMMENTS = YES;
				CLANG_WARN_EMPTY_BODY = YES;
				CLANG_WARN_ENUM_CONVERSION = YES;
				CLANG_WARN_INFINITE_RECURSION = YES;
				CLANG_WARN_INT_CONVERSION = YES;
				CLANG_WARN_NON_LITERAL_NULL_CONVERSION = YES;
				CLANG_WARN_OBJC_IMPLICIT_RETAIN_SELF = YES;
				CLANG_WARN_OBJC_LITERAL_CONVERSION = YES;
				CLANG_WARN_OBJC_ROOT_CLASS = YES_ERROR;
				CLANG_WARN_QUOTED_INCLUDE_IN_FRAMEWORK_HEADER = YES;
				CLANG_WARN_RANGE_LOOP_ANALYSIS = YES;
				CLANG_WARN_STRICT_PROTOTYPES = YES;
				CLANG_WARN_SUSPICIOUS_MOVE = YES;
				CLANG_WARN_UNGUARDED_AVAILABILITY = YES_AGGRESSIVE;
				CLANG_WARN_UNREACHABLE_CODE = YES;
				CLANG_WARN__DUPLICATE_METHOD_MATCH = YES;
				COPY_PHASE_STRIP = NO;
				DEBUG_INFORMATION_FORMAT = dwarf;
				ENABLE_STRICT_OBJC_MSGSEND = YES;
				ENABLE_TESTABILITY = YES;
				GCC_C_LANGUAGE_STANDARD = gnu11;
				GCC_DYNAMIC_NO_PIC = NO;
				GCC_NO_COMMON_BLOCKS = YES;
				GCC_OPTIMIZATION_LEVEL = 0;
				GCC_PREPROCESSOR_DEFINITIONS = (
					"DEBUG=1",
					"$(inherited)",
				);
				GCC_WARN_64_TO_32_BIT_CONVERSION = YES;
				GCC_WARN_ABOUT_RETURN_TYPE = YES_ERROR;
				GCC_WARN_UNDECLARED_SELECTOR = YES;
				GCC_WARN_UNINITIALIZED_AUTOS = YES_AGGRESSIVE;
				GCC_WARN_UNUSED_FUNCTION = YES;
				GCC_WARN_UNUSED_VARIABLE = YES;
				IPHONEOS_DEPLOYMENT_TARGET = 14.5;
				MTL_ENABLE_DEBUG_INFO = INCLUDE_SOURCE;
				MTL_FAST_MATH = YES;
				ONLY_ACTIVE_ARCH = YES;
				SDKROOT = iphoneos;
				SWIFT_ACTIVE_COMPILATION_CONDITIONS = DEBUG;
				SWIFT_OPTIMIZATION_LEVEL = "-Onone";
			};
			name = Debug;
		};
		EE70F384265BCE33009625FD /* Release */ = {
			isa = XCBuildConfiguration;
			buildSettings = {
				ALWAYS_SEARCH_USER_PATHS = NO;
				CLANG_ANALYZER_NONNULL = YES;
				CLANG_ANALYZER_NUMBER_OBJECT_CONVERSION = YES_AGGRESSIVE;
				CLANG_CXX_LANGUAGE_STANDARD = "gnu++14";
				CLANG_CXX_LIBRARY = "libc++";
				CLANG_ENABLE_MODULES = YES;
				CLANG_ENABLE_OBJC_ARC = YES;
				CLANG_ENABLE_OBJC_WEAK = YES;
				CLANG_WARN_BLOCK_CAPTURE_AUTORELEASING = YES;
				CLANG_WARN_BOOL_CONVERSION = YES;
				CLANG_WARN_COMMA = YES;
				CLANG_WARN_CONSTANT_CONVERSION = YES;
				CLANG_WARN_DEPRECATED_OBJC_IMPLEMENTATIONS = YES;
				CLANG_WARN_DIRECT_OBJC_ISA_USAGE = YES_ERROR;
				CLANG_WARN_DOCUMENTATION_COMMENTS = YES;
				CLANG_WARN_EMPTY_BODY = YES;
				CLANG_WARN_ENUM_CONVERSION = YES;
				CLANG_WARN_INFINITE_RECURSION = YES;
				CLANG_WARN_INT_CONVERSION = YES;
				CLANG_WARN_NON_LITERAL_NULL_CONVERSION = YES;
				CLANG_WARN_OBJC_IMPLICIT_RETAIN_SELF = YES;
				CLANG_WARN_OBJC_LITERAL_CONVERSION = YES;
				CLANG_WARN_OBJC_ROOT_CLASS = YES_ERROR;
				CLANG_WARN_QUOTED_INCLUDE_IN_FRAMEWORK_HEADER = YES;
				CLANG_WARN_RANGE_LOOP_ANALYSIS = YES;
				CLANG_WARN_STRICT_PROTOTYPES = YES;
				CLANG_WARN_SUSPICIOUS_MOVE = YES;
				CLANG_WARN_UNGUARDED_AVAILABILITY = YES_AGGRESSIVE;
				CLANG_WARN_UNREACHABLE_CODE = YES;
				CLANG_WARN__DUPLICATE_METHOD_MATCH = YES;
				COPY_PHASE_STRIP = NO;
				DEBUG_INFORMATION_FORMAT = "dwarf-with-dsym";
				ENABLE_NS_ASSERTIONS = NO;
				ENABLE_STRICT_OBJC_MSGSEND = YES;
				GCC_C_LANGUAGE_STANDARD = gnu11;
				GCC_NO_COMMON_BLOCKS = YES;
				GCC_WARN_64_TO_32_BIT_CONVERSION = YES;
				GCC_WARN_ABOUT_RETURN_TYPE = YES_ERROR;
				GCC_WARN_UNDECLARED_SELECTOR = YES;
				GCC_WARN_UNINITIALIZED_AUTOS = YES_AGGRESSIVE;
				GCC_WARN_UNUSED_FUNCTION = YES;
				GCC_WARN_UNUSED_VARIABLE = YES;
				IPHONEOS_DEPLOYMENT_TARGET = 14.5;
				MTL_ENABLE_DEBUG_INFO = NO;
				MTL_FAST_MATH = YES;
				SDKROOT = iphoneos;
				SWIFT_COMPILATION_MODE = wholemodule;
				SWIFT_OPTIMIZATION_LEVEL = "-O";
				VALIDATE_PRODUCT = YES;
			};
			name = Release;
		};
		EE70F386265BCE33009625FD /* Debug */ = {
			isa = XCBuildConfiguration;
			buildSettings = {
				ASSETCATALOG_COMPILER_APPICON_NAME = AppIcon;
				ASSETCATALOG_COMPILER_GLOBAL_ACCENT_COLOR_NAME = AccentColor;
				CODE_SIGN_STYLE = Automatic;
				DEVELOPMENT_TEAM = 7JA353ZJMP;
				INFOPLIST_FILE = "GitFlow Test/Info.plist";
				LD_RUNPATH_SEARCH_PATHS = (
					"$(inherited)",
					"@executable_path/Frameworks",
				);
				PRODUCT_BUNDLE_IDENTIFIER = "com.JiHoonAHN.GitFlow-Test";
				PRODUCT_NAME = "$(TARGET_NAME)";
				SWIFT_VERSION = 5.0;
				TARGETED_DEVICE_FAMILY = "1,2";
			};
			name = Debug;
		};
		EE70F387265BCE33009625FD /* Release */ = {
			isa = XCBuildConfiguration;
			buildSettings = {
				ASSETCATALOG_COMPILER_APPICON_NAME = AppIcon;
				ASSETCATALOG_COMPILER_GLOBAL_ACCENT_COLOR_NAME = AccentColor;
				CODE_SIGN_STYLE = Automatic;
				DEVELOPMENT_TEAM = 7JA353ZJMP;
				INFOPLIST_FILE = "GitFlow Test/Info.plist";
				LD_RUNPATH_SEARCH_PATHS = (
					"$(inherited)",
					"@executable_path/Frameworks",
				);
				PRODUCT_BUNDLE_IDENTIFIER = "com.JiHoonAHN.GitFlow-Test";
				PRODUCT_NAME = "$(TARGET_NAME)";
				SWIFT_VERSION = 5.0;
				TARGETED_DEVICE_FAMILY = "1,2";
			};
			name = Release;
		};
/* End XCBuildConfiguration section */

/* Begin XCConfigurationList section */
		EE70F36C265BCE32009625FD /* Build configuration list for PBXProject "GitFlow Test" */ = {
			isa = XCConfigurationList;
			buildConfigurations = (
				EE70F383265BCE33009625FD /* Debug */,
				EE70F384265BCE33009625FD /* Release */,
			);
			defaultConfigurationIsVisible = 0;
			defaultConfigurationName = Release;
		};
		EE70F385265BCE33009625FD /* Build configuration list for PBXNativeTarget "GitFlow Test" */ = {
			isa = XCConfigurationList;
			buildConfigurations = (
				EE70F386265BCE33009625FD /* Debug */,
				EE70F387265BCE33009625FD /* Release */,
			);
			defaultConfigurationIsVisible = 0;
			defaultConfigurationName = Release;
		};
/* End XCConfigurationList section */
	};
	rootObject = EE70F369265BCE32009625FD /* Project object */;
}
